
Microsoft Visual Studio Solution File, Format Version 12.00
# Visual Studio 15
VisualStudioVersion = 15.0.33026.149
MinimumVisualStudioVersion = 10.0.40219.1
Project("{FAE04EC0-301F-11D3-BF4B-00C04F79EFBC}") = "Presentacion", "Presentacion\Presentacion.csproj", "{6CC8FCC7-C10C-4442-A625-E6CF77769E25}"
EndProject
Global
	GlobalSection(SolutionConfigurationPlatforms) = preSolution
		Debug|Any CPU = Debug|Any CPU
		Release|Any CPU = Release|Any CPU
	EndGlobalSection
	GlobalSection(ProjectConfigurationPlatforms) = postSolution
		{6CC8FCC7-C10C-4442-A625-E6CF77769E25}.Debug|Any CPU.ActiveCfg = Debug|Any CPU
		{6CC8FCC7-C10C-4442-A625-E6CF77769E25}.Debug|Any CPU.Build.0 = Debug|Any CPU
		{6CC8FCC7-C10C-4442-A625-E6CF77769E25}.Release|Any CPU.ActiveCfg = Release|Any CPU
		{6CC8FCC7-C10C-4442-A625-E6CF77769E25}.Release|Any CPU.Build.0 = Release|Any CPU
	EndGlobalSection
	GlobalSection(SolutionProperties) = preSolution
		HideSolutionNode = FALSE
	EndGlobalSection
	GlobalSection(ExtensibilityGlobals) = postSolution
		SolutionGuid = {BF2BE60C-B36B-4662-A9C8-1A8DA25D07B8}
	EndGlobalSection
EndGlobal
